{
  "name": "autoupdate-webpack-plugin",
  "version": "1.0.2",
  "lockfileVersion": 1,
  "requires": true,
  "dependencies": {
    "@types/estree": {
      "version": "0.0.50",
      "resolved": "http://artifactory.sf-express.com:80/artifactory/api/npm/npm/@types/estree/-/estree-0.0.50.tgz",
      "integrity": "sha1-Hgyqk2TT/M0pMcPtlv2+ql1MyoM=",
      "dev": true
    },
    "@types/node": {
      "version": "16.10.1",
      "resolved": "http://artifactory.sf-express.com:80/artifactory/api/npm/npm/@types/node/-/node-16.10.1.tgz",
      "integrity": "sha1-82R2IxmcqSCWAAaz3M9jPqkF8kM=",
      "dev": true
    },
    "@types/resolve": {
      "version": "0.0.8",
      "resolved": "http://artifactory.sf-express.com:80/artifactory/api/npm/npm/@types/resolve/-/resolve-0.0.8.tgz",
      "integrity": "sha1-8mB00jjgJlnjI84aE9BB7uKA4ZQ=",
      "dev": true,
      "requires": {
        "@types/node": "*"
      }
    },
    "builtin-modules": {
      "version": "3.2.0",
      "resolved": "http://artifactory.sf-express.com:80/artifactory/api/npm/npm/builtin-modules/-/builtin-modules-3.2.0.tgz",
      "integrity": "sha1-RdXbmefuXmvE82LgCL+RerUEmIc=",
      "dev": true
    },
    "compare-versions": {
      "version": "3.6.0",
      "resolved": "http://artifactory.sf-express.com:80/artifactory/api/npm/npm/compare-versions/-/compare-versions-3.6.0.tgz",
      "integrity": "sha1-GlaJkTaF5ah2N7jT/8p1UU7EHWI="
    },
    "estree-walker": {
      "version": "0.6.1",
      "resolved": "http://artifactory.sf-express.com:80/artifactory/api/npm/npm/estree-walker/-/estree-walker-0.6.1.tgz",
      "integrity": "sha1-UwSRQ/QMbrkYsjZx0f4yGfOhs2I=",
      "dev": true
    },
    "fsevents": {
      "version": "2.3.2",
      "resolved": "http://artifactory.sf-express.com:80/artifactory/api/npm/npm/fsevents/-/fsevents-2.3.2.tgz",
      "integrity": "sha1-ilJveLj99GI7cJ4Ll1xSwkwC/Ro=",
      "dev": true,
      "optional": true
    },
    "function-bind": {
      "version": "1.1.1",
      "resolved": "http://artifactory.sf-express.com:80/artifactory/api/npm/npm/function-bind/-/function-bind-1.1.1.tgz",
      "integrity": "sha1-pWiZ0+o8m6uHS7l3O3xe3pL0iV0=",
      "dev": true
    },
    "has": {
      "version": "1.0.3",
      "resolved": "http://artifactory.sf-express.com:80/artifactory/api/npm/npm/has/-/has-1.0.3.tgz",
      "integrity": "sha1-ci18v8H2qoJB8W3YFOAR4fQeh5Y=",
      "dev": true,
      "requires": {
        "function-bind": "^1.1.1"
      }
    },
    "is-core-module": {
      "version": "2.6.0",
      "resolved": "http://artifactory.sf-express.com:80/artifactory/api/npm/npm/is-core-module/-/is-core-module-2.6.0.tgz",
      "integrity": "sha1-11U7JSb+Wbkro+QMjfdX7Ipwnhk=",
      "dev": true,
      "requires": {
        "has": "^1.0.3"
      }
    },
    "is-module": {
      "version": "1.0.0",
      "resolved": "http://artifactory.sf-express.com:80/artifactory/api/npm/npm/is-module/-/is-module-1.0.0.tgz",
      "integrity": "sha1-Mlj7afeMFNW4FdZkM2tM/7ZEFZE=",
      "dev": true
    },
    "is-reference": {
      "version": "1.2.1",
      "resolved": "http://artifactory.sf-express.com:80/artifactory/api/npm/npm/is-reference/-/is-reference-1.2.1.tgz",
      "integrity": "sha1-iy2sCzcfS8mU/eq6nrVC0DAC0Lc=",
      "dev": true,
      "requires": {
        "@types/estree": "*"
      }
    },
    "magic-string": {
      "version": "0.25.7",
      "resolved": "http://artifactory.sf-express.com:80/artifactory/api/npm/npm/magic-string/-/magic-string-0.25.7.tgz",
      "integrity": "sha1-P0l9b9NMZpxnmNy4IfLvMfVEUFE=",
      "dev": true,
      "requires": {
        "sourcemap-codec": "^1.4.4"
      }
    },
    "path-parse": {
      "version": "1.0.7",
      "resolved": "http://artifactory.sf-express.com:80/artifactory/api/npm/npm/path-parse/-/path-parse-1.0.7.tgz",
      "integrity": "sha1-+8EUtgykKzDZ2vWFjkvWi77bZzU=",
      "dev": true
    },
    "resolve": {
      "version": "1.20.0",
      "resolved": "http://artifactory.sf-express.com:80/artifactory/api/npm/npm/resolve/-/resolve-1.20.0.tgz",
      "integrity": "sha1-YpoBP7P3B1XW8LeTXMHCxTeLGXU=",
      "dev": true,
      "requires": {
        "is-core-module": "^2.2.0",
        "path-parse": "^1.0.6"
      }
    },
    "rollup": {
      "version": "2.57.0",
      "resolved": "http://artifactory.sf-express.com:80/artifactory/api/npm/npm/rollup/-/rollup-2.57.0.tgz",
      "integrity": "sha1-wWlEdesi4QIkd8D0Y1/QrIBxMXM=",
      "dev": true,
      "requires": {
        "fsevents": "~2.3.2"
      }
    },
    "rollup-plugin-commonjs": {
      "version": "10.1.0",
      "resolved": "http://artifactory.sf-express.com:80/artifactory/api/npm/npm/rollup-plugin-commonjs/-/rollup-plugin-commonjs-10.1.0.tgz",
      "integrity": "sha1-QXrztUUDh44ITRJ6300cr4vrhvs=",
      "dev": true,
      "requires": {
        "estree-walker": "^0.6.1",
        "is-reference": "^1.1.2",
        "magic-string": "^0.25.2",
        "resolve": "^1.11.0",
        "rollup-pluginutils": "^2.8.1"
      }
    },
    "rollup-plugin-node-resolve": {
      "version": "5.2.0",
      "resolved": "http://artifactory.sf-express.com:80/artifactory/api/npm/npm/rollup-plugin-node-resolve/-/rollup-plugin-node-resolve-5.2.0.tgz",
      "integrity": "sha1-cw+T0Q7SAkc7H7VKWZen24xthSM=",
      "dev": true,
      "requires": {
        "@types/resolve": "0.0.8",
        "builtin-modules": "^3.1.0",
        "is-module": "^1.0.0",
        "resolve": "^1.11.1",
        "rollup-pluginutils": "^2.8.1"
      }
    },
    "rollup-pluginutils": {
      "version": "2.8.2",
      "resolved": "http://artifactory.sf-express.com:80/artifactory/api/npm/npm/rollup-pluginutils/-/rollup-pluginutils-2.8.2.tgz",
      "integrity": "sha1-cvKvB0i1kjZNvTOJ5gDlqURKNR4=",
      "dev": true,
      "requires": {
        "estree-walker": "^0.6.1"
      }
    },
    "sourcemap-codec": {
      "version": "1.4.8",
      "resolved": "http://artifactory.sf-express.com:80/artifactory/api/npm/npm/sourcemap-codec/-/sourcemap-codec-1.4.8.tgz",
      "integrity": "sha1-6oBL2UhXQC5pktBaOO8a41qatMQ=",
      "dev": true
    }
  }
}
